
Microsoft Visual Studio Solution File, Format Version 12.00
# Visual Studio Version 17
VisualStudioVersion = 17.13.35919.96 d17.13
MinimumVisualStudioVersion = 10.0.40219.1
Project("{FAE04EC0-301F-11D3-BF4B-00C04F79EFBC}") = "Blogging Platform", "Blogging Platform\Blogging Platform.csproj", "{A7FDBC98-AB7B-452D-8F23-B508DDBF8F6D}"
EndProject
Project("{FAE04EC0-301F-11D3-BF4B-00C04F79EFBC}") = "PostService", "PostService\PostService.csproj", "{E2C8D044-9506-4C31-9506-F7CD335DBA07}"
EndProject
Global
	GlobalSection(SolutionConfigurationPlatforms) = preSolution
		Debug|Any CPU = Debug|Any CPU
		Release|Any CPU = Release|Any CPU
	EndGlobalSection
	GlobalSection(ProjectConfigurationPlatforms) = postSolution
		{A7FDBC98-AB7B-452D-8F23-B508DDBF8F6D}.Debug|Any CPU.ActiveCfg = Debug|Any CPU
		{A7FDBC98-AB7B-452D-8F23-B508DDBF8F6D}.Debug|Any CPU.Build.0 = Debug|Any CPU
		{A7FDBC98-AB7B-452D-8F23-B508DDBF8F6D}.Release|Any CPU.ActiveCfg = Release|Any CPU
		{A7FDBC98-AB7B-452D-8F23-B508DDBF8F6D}.Release|Any CPU.Build.0 = Release|Any CPU
		{E2C8D044-9506-4C31-9506-F7CD335DBA07}.Debug|Any CPU.ActiveCfg = Debug|Any CPU
		{E2C8D044-9506-4C31-9506-F7CD335DBA07}.Debug|Any CPU.Build.0 = Debug|Any CPU
		{E2C8D044-9506-4C31-9506-F7CD335DBA07}.Release|Any CPU.ActiveCfg = Release|Any CPU
		{E2C8D044-9506-4C31-9506-F7CD335DBA07}.Release|Any CPU.Build.0 = Release|Any CPU
	EndGlobalSection
	GlobalSection(SolutionProperties) = preSolution
		HideSolutionNode = FALSE
	EndGlobalSection
	GlobalSection(ExtensibilityGlobals) = postSolution
		SolutionGuid = {81412FFA-7909-4D2A-B135-DB1F88AA7DE4}
	EndGlobalSection
EndGlobal
